
Microsoft Visual Studio Solution File, Format Version 12.00
# Visual Studio Version 17
VisualStudioVersion = 17.8.34525.116
MinimumVisualStudioVersion = 10.0.40219.1
Project("{FAE04EC0-301F-11D3-BF4B-00C04F79EFBC}") = "Cshark", "Cshark\Cshark.csproj", "{FBCB3B92-967E-4EC1-BDF8-44FF67DAFA0D}"
EndProject
Global
	GlobalSection(SolutionConfigurationPlatforms) = preSolution
		Debug|Any CPU = Debug|Any CPU
		Release|Any CPU = Release|Any CPU
	EndGlobalSection
	GlobalSection(ProjectConfigurationPlatforms) = postSolution
		{FBCB3B92-967E-4EC1-BDF8-44FF67DAFA0D}.Debug|Any CPU.ActiveCfg = Debug|Any CPU
		{FBCB3B92-967E-4EC1-BDF8-44FF67DAFA0D}.Debug|Any CPU.Build.0 = Debug|Any CPU
		{FBCB3B92-967E-4EC1-BDF8-44FF67DAFA0D}.Release|Any CPU.ActiveCfg = Release|Any CPU
		{FBCB3B92-967E-4EC1-BDF8-44FF67DAFA0D}.Release|Any CPU.Build.0 = Release|Any CPU
	EndGlobalSection
	GlobalSection(SolutionProperties) = preSolution
		HideSolutionNode = FALSE
	EndGlobalSection
	GlobalSection(ExtensibilityGlobals) = postSolution
		SolutionGuid = {684FC288-1A1A-4868-AF93-FBB40502C37B}
	EndGlobalSection
EndGlobal
